
Microsoft Visual Studio Solution File, Format Version 12.00
# Visual Studio Version 17
VisualStudioVersion = 17.11.35312.102
MinimumVisualStudioVersion = 10.0.40219.1
Project("{FAE04EC0-301F-11D3-BF4B-00C04F79EFBC}") = "WindowsFormsApp1", "WindowsFormsApp1\WindowsFormsApp1.csproj", "{56563551-8121-479D-93E9-F9E1F6169FEE}"
EndProject
Global
	GlobalSection(SolutionConfigurationPlatforms) = preSolution
		Debug|Any CPU = Debug|Any CPU
		Release|Any CPU = Release|Any CPU
	EndGlobalSection
	GlobalSection(ProjectConfigurationPlatforms) = postSolution
		{56563551-8121-479D-93E9-F9E1F6169FEE}.Debug|Any CPU.ActiveCfg = Debug|Any CPU
		{56563551-8121-479D-93E9-F9E1F6169FEE}.Debug|Any CPU.Build.0 = Debug|Any CPU
		{56563551-8121-479D-93E9-F9E1F6169FEE}.Release|Any CPU.ActiveCfg = Release|Any CPU
		{56563551-8121-479D-93E9-F9E1F6169FEE}.Release|Any CPU.Build.0 = Release|Any CPU
	EndGlobalSection
	GlobalSection(SolutionProperties) = preSolution
		HideSolutionNode = FALSE
	EndGlobalSection
	GlobalSection(ExtensibilityGlobals) = postSolution
		SolutionGuid = {443A04F0-B4C9-4519-B639-948D2B1CDD92}
	EndGlobalSection
EndGlobal
